// !$*UTF8*$!
{
	archiveVersion = 1;
	classes = {
	};
	objectVersion = 54;
	objects = {

/* Begin PBXBuildFile section */
		2A085499289D1FD5008BAD7E /* ImageDownloader.swift in Sources */ = {isa = PBXBuildFile; fileRef = 2A085498289D1FD5008BAD7E /* ImageDownloader.swift */; };
		2A42DCA6289BB6D300F267A4 /* AppDelegate.swift in Sources */ = {isa = PBXBuildFile; fileRef = 2A42DCA5289BB6D300F267A4 /* AppDelegate.swift */; };
		2A42DCA8289BB6D300F267A4 /* SceneDelegate.swift in Sources */ = {isa = PBXBuildFile; fileRef = 2A42DCA7289BB6D300F267A4 /* SceneDelegate.swift */; };
		2A42DCAA289BB6D300F267A4 /* ViewController.swift in Sources */ = {isa = PBXBuildFile; fileRef = 2A42DCA9289BB6D300F267A4 /* ViewController.swift */; };
		2A42DCAD289BB6D300F267A4 /* Main.storyboard in Resources */ = {isa = PBXBuildFile; fileRef = 2A42DCAB289BB6D300F267A4 /* Main.storyboard */; };
		2A42DCAF289BB6D600F267A4 /* Assets.xcassets in Resources */ = {isa = PBXBuildFile; fileRef = 2A42DCAE289BB6D600F267A4 /* Assets.xcassets */; };
		2A42DCB2289BB6D600F267A4 /* LaunchScreen.storyboard in Resources */ = {isa = PBXBuildFile; fileRef = 2A42DCB0289BB6D600F267A4 /* LaunchScreen.storyboard */; };
		2A42DCBE289BC3BB00F267A4 /* MovieModel.swift in Sources */ = {isa = PBXBuildFile; fileRef = 2A42DCBD289BC3BB00F267A4 /* MovieModel.swift */; };
		2A42DCC5289BCFB300F267A4 /* MovieTableViewCell.swift in Sources */ = {isa = PBXBuildFile; fileRef = 2A42DCC3289BCFB300F267A4 /* MovieTableViewCell.swift */; };
		2A42DCC6289BCFB300F267A4 /* MovieTableViewCell.xib in Resources */ = {isa = PBXBuildFile; fileRef = 2A42DCC4289BCFB300F267A4 /* MovieTableViewCell.xib */; };
/* End PBXBuildFile section */

/* Begin PBXFileReference section */
		2A085498289D1FD5008BAD7E /* ImageDownloader.swift */ = {isa = PBXFileReference; lastKnownFileType = sourcecode.swift; path = ImageDownloader.swift; sourceTree = "<group>"; };
		2A42DCA2289BB6D300F267A4 /* LatihanMenguduhGambar.app */ = {isa = PBXFileReference; explicitFileType = wrapper.application; includeInIndex = 0; path = LatihanMenguduhGambar.app; sourceTree = BUILT_PRODUCTS_DIR; };
		2A42DCA5289BB6D300F267A4 /* AppDelegate.swift */ = {isa = PBXFileReference; lastKnownFileType = sourcecode.swift; path = AppDelegate.swift; sourceTree = "<group>"; };
		2A42DCA7289BB6D300F267A4 /* SceneDelegate.swift */ = {isa = PBXFileReference; lastKnownFileType = sourcecode.swift; path = SceneDelegate.swift; sourceTree = "<group>"; };
		2A42DCA9289BB6D300F267A4 /* ViewController.swift */ = {isa = PBXFileReference; lastKnownFileType = sourcecode.swift; path = ViewController.swift; sourceTree = "<group>"; };
		2A42DCAC289BB6D300F267A4 /* Base */ = {isa = PBXFileReference; lastKnownFileType = file.storyboard; name = Base; path = Base.lproj/Main.storyboard; sourceTree = "<group>"; };
		2A42DCAE289BB6D600F267A4 /* Assets.xcassets */ = {isa = PBXFileReference; lastKnownFileType = folder.assetcatalog; path = Assets.xcassets; sourceTree = "<group>"; };
		2A42DCB1289BB6D600F267A4 /* Base */ = {isa = PBXFileReference; lastKnownFileType = file.storyboard; name = Base; path = Base.lproj/LaunchScreen.storyboard; sourceTree = "<group>"; };
		2A42DCB3289BB6D600F267A4 /* Info.plist */ = {isa = PBXFileReference; lastKnownFileType = text.plist.xml; path = Info.plist; sourceTree = "<group>"; };
		2A42DCBD289BC3BB00F267A4 /* MovieModel.swift */ = {isa = PBXFileReference; lastKnownFileType = sourcecode.swift; path = MovieModel.swift; sourceTree = "<group>"; };
		2A42DCC3289BCFB300F267A4 /* MovieTableViewCell.swift */ = {isa = PBXFileReference; lastKnownFileType = sourcecode.swift; path = MovieTableViewCell.swift; sourceTree = "<group>"; };
		2A42DCC4289BCFB300F267A4 /* MovieTableViewCell.xib */ = {isa = PBXFileReference; lastKnownFileType = file.xib; path = MovieTableViewCell.xib; sourceTree = "<group>"; };
/* End PBXFileReference section */

/* Begin PBXFrameworksBuildPhase section */
		2A42DC9F289BB6D300F267A4 /* Frameworks */ = {
			isa = PBXFrameworksBuildPhase;
			buildActionMask = 2147483647;
			files = (
			);
			runOnlyForDeploymentPostprocessing = 0;
		};
/* End PBXFrameworksBuildPhase section */

/* Begin PBXGroup section */
		2A42DC99289BB6D300F267A4 = {
			isa = PBXGroup;
			children = (
				2A42DCA4289BB6D300F267A4 /* LatihanMengunduhGambar */,
				2A42DCA3289BB6D300F267A4 /* Products */,
			);
			sourceTree = "<group>";
		};
		2A42DCA3289BB6D300F267A4 /* Products */ = {
			isa = PBXGroup;
			children = (
				2A42DCA2289BB6D300F267A4 /* LatihanMenguduhGambar.app */,
			);
			name = Products;
			sourceTree = "<group>";
		};
		2A42DCA4289BB6D300F267A4 /* LatihanMengunduhGambar */ = {
			isa = PBXGroup;
			children = (
				2A42DCA5289BB6D300F267A4 /* AppDelegate.swift */,
				2A42DCA7289BB6D300F267A4 /* SceneDelegate.swift */,
				2A42DCA9289BB6D300F267A4 /* ViewController.swift */,
				2A42DCBD289BC3BB00F267A4 /* MovieModel.swift */,
				2A42DCC3289BCFB300F267A4 /* MovieTableViewCell.swift */,
				2A085498289D1FD5008BAD7E /* ImageDownloader.swift */,
				2A42DCC4289BCFB300F267A4 /* MovieTableViewCell.xib */,
				2A42DCAB289BB6D300F267A4 /* Main.storyboard */,
				2A42DCAE289BB6D600F267A4 /* Assets.xcassets */,
				2A42DCB0289BB6D600F267A4 /* LaunchScreen.storyboard */,
				2A42DCB3289BB6D600F267A4 /* Info.plist */,
			);
			path = LatihanMengunduhGambar;
			sourceTree = "<group>";
		};
/* End PBXGroup section */

/* Begin PBXNativeTarget section */
		2A42DCA1289BB6D300F267A4 /* LatihanMenguduhGambar */ = {
			isa = PBXNativeTarget;
			buildConfigurationList = 2A42DCB6289BB6D600F267A4 /* Build configuration list for PBXNativeTarget "LatihanMenguduhGambar" */;
			buildPhases = (
				2A42DC9E289BB6D300F267A4 /* Sources */,
				2A42DC9F289BB6D300F267A4 /* Frameworks */,
				2A42DCA0289BB6D300F267A4 /* Resources */,
			);
			buildRules = (
			);
			dependencies = (
			);
			name = LatihanMenguduhGambar;
			productName = LatihanMenguduhGambar;
			productReference = 2A42DCA2289BB6D300F267A4 /* LatihanMenguduhGambar.app */;
			productType = "com.apple.product-type.application";
		};
/* End PBXNativeTarget section */

/* Begin PBXProject section */
		2A42DC9A289BB6D300F267A4 /* Project object */ = {
			isa = PBXProject;
			attributes = {
				BuildIndependentTargetsInParallel = 1;
				LastSwiftUpdateCheck = 1400;
				LastUpgradeCheck = 1400;
				TargetAttributes = {
					2A42DCA1289BB6D300F267A4 = {
						CreatedOnToolsVersion = 14.0;
					};
				};
			};
			buildConfigurationList = 2A42DC9D289BB6D300F267A4 /* Build configuration list for PBXProject "LatihanMengunduhGambar" */;
			compatibilityVersion = "Xcode 12.0";
			developmentRegion = en;
			hasScannedForEncodings = 0;
			knownRegions = (
				en,
				Base,
			);
			mainGroup = 2A42DC99289BB6D300F267A4;
			productRefGroup = 2A42DCA3289BB6D300F267A4 /* Products */;
			projectDirPath = "";
			projectRoot = "";
			targets = (
				2A42DCA1289BB6D300F267A4 /* LatihanMenguduhGambar */,
			);
		};
/* End PBXProject section */

/* Begin PBXResourcesBuildPhase section */
		2A42DCA0289BB6D300F267A4 /* Resources */ = {
			isa = PBXResourcesBuildPhase;
			buildActionMask = 2147483647;
			files = (
				2A42DCB2289BB6D600F267A4 /* LaunchScreen.storyboard in Resources */,
				2A42DCAF289BB6D600F267A4 /* Assets.xcassets in Resources */,
				2A42DCC6289BCFB300F267A4 /* MovieTableViewCell.xib in Resources */,
				2A42DCAD289BB6D300F267A4 /* Main.storyboard in Resources */,
			);
			runOnlyForDeploymentPostprocessing = 0;
		};
/* End PBXResourcesBuildPhase section */

/* Begin PBXSourcesBuildPhase section */
		2A42DC9E289BB6D300F267A4 /* Sources */ = {
			isa = PBXSourcesBuildPhase;
			buildActionMask = 2147483647;
			files = (
				2A42DCAA289BB6D300F267A4 /* ViewController.swift in Sources */,
				2A42DCC5289BCFB300F267A4 /* MovieTableViewCell.swift in Sources */,
				2A42DCA6289BB6D300F267A4 /* AppDelegate.swift in Sources */,
				2A42DCA8289BB6D300F267A4 /* SceneDelegate.swift in Sources */,
				2A085499289D1FD5008BAD7E /* ImageDownloader.swift in Sources */,
				2A42DCBE289BC3BB00F267A4 /* MovieModel.swift in Sources */,
			);
			runOnlyForDeploymentPostprocessing = 0;
		};
/* End PBXSourcesBuildPhase section */

/* Begin PBXVariantGroup section */
		2A42DCAB289BB6D300F267A4 /* Main.storyboard */ = {
			isa = PBXVariantGroup;
			children = (
				2A42DCAC289BB6D300F267A4 /* Base */,
			);
			name = Main.storyboard;
			sourceTree = "<group>";
		};
		2A42DCB0289BB6D600F267A4 /* LaunchScreen.storyboard */ = {
			isa = PBXVariantGroup;
			children = (
				2A42DCB1289BB6D600F267A4 /* Base */,
			);
			name = LaunchScreen.storyboard;
			sourceTree = "<group>";
		};
/* End PBXVariantGroup section */

/* Begin XCBuildConfiguration section */
		2A42DCB4289BB6D600F267A4 /* Debug */ = {
			isa = XCBuildConfiguration;
			buildSettings = {
				ALWAYS_SEARCH_USER_PATHS = NO;
				CLANG_ANALYZER_NONNULL = YES;
				CLANG_ANALYZER_NUMBER_OBJECT_CONVERSION = YES_AGGRESSIVE;
				CLANG_CXX_LANGUAGE_STANDARD = "gnu++20";
				CLANG_ENABLE_MODULES = YES;
				CLANG_ENABLE_OBJC_ARC = YES;
				CLANG_ENABLE_OBJC_WEAK = YES;
				CLANG_WARN_BLOCK_CAPTURE_AUTORELEASING = YES;
				CLANG_WARN_BOOL_CONVERSION = YES;
				CLANG_WARN_COMMA = YES;
				CLANG_WARN_CONSTANT_CONVERSION = YES;
				CLANG_WARN_DEPRECATED_OBJC_IMPLEMENTATIONS = YES;
				CLANG_WARN_DIRECT_OBJC_ISA_USAGE = YES_ERROR;
				CLANG_WARN_DOCUMENTATION_COMMENTS = YES;
				CLANG_WARN_EMPTY_BODY = YES;
				CLANG_WARN_ENUM_CONVERSION = YES;
				CLANG_WARN_INFINITE_RECURSION = YES;
				CLANG_WARN_INT_CONVERSION = YES;
				CLANG_WARN_NON_LITERAL_NULL_CONVERSION = YES;
				CLANG_WARN_OBJC_IMPLICIT_RETAIN_SELF = YES;
				CLANG_WARN_OBJC_LITERAL_CONVERSION = YES;
				CLANG_WARN_OBJC_ROOT_CLASS = YES_ERROR;
				CLANG_WARN_QUOTED_INCLUDE_IN_FRAMEWORK_HEADER = YES;
				CLANG_WARN_RANGE_LOOP_ANALYSIS = YES;
				CLANG_WARN_STRICT_PROTOTYPES = YES;
				CLANG_WARN_SUSPICIOUS_MOVE = YES;
				CLANG_WARN_UNGUARDED_AVAILABILITY = YES_AGGRESSIVE;
				CLANG_WARN_UNREACHABLE_CODE = YES;
				CLANG_WARN__DUPLICATE_METHOD_MATCH = YES;
				COPY_PHASE_STRIP = NO;
				DEBUG_INFORMATION_FORMAT = dwarf;
				ENABLE_STRICT_OBJC_MSGSEND = YES;
				ENABLE_TESTABILITY = YES;
				GCC_C_LANGUAGE_STANDARD = gnu11;
				GCC_DYNAMIC_NO_PIC = NO;
				GCC_NO_COMMON_BLOCKS = YES;
				GCC_OPTIMIZATION_LEVEL = 0;
				GCC_PREPROCESSOR_DEFINITIONS = (
					"DEBUG=1",
					"$(inherited)",
				);
				GCC_WARN_64_TO_32_BIT_CONVERSION = YES;
				GCC_WARN_ABOUT_RETURN_TYPE = YES_ERROR;
				GCC_WARN_UNDECLARED_SELECTOR = YES;
				GCC_WARN_UNINITIALIZED_AUTOS = YES_AGGRESSIVE;
				GCC_WARN_UNUSED_FUNCTION = YES;
				GCC_WARN_UNUSED_VARIABLE = YES;
				IPHONEOS_DEPLOYMENT_TARGET = 16.0;
				MTL_ENABLE_DEBUG_INFO = INCLUDE_SOURCE;
				MTL_FAST_MATH = YES;
				ONLY_ACTIVE_ARCH = YES;
				SDKROOT = iphoneos;
				SWIFT_ACTIVE_COMPILATION_CONDITIONS = DEBUG;
				SWIFT_OPTIMIZATION_LEVEL = "-Onone";
			};
			name = Debug;
		};
		2A42DCB5289BB6D600F267A4 /* Release */ = {
			isa = XCBuildConfiguration;
			buildSettings = {
				ALWAYS_SEARCH_USER_PATHS = NO;
				CLANG_ANALYZER_NONNULL = YES;
				CLANG_ANALYZER_NUMBER_OBJECT_CONVERSION = YES_AGGRESSIVE;
				CLANG_CXX_LANGUAGE_STANDARD = "gnu++20";
				CLANG_ENABLE_MODULES = YES;
				CLANG_ENABLE_OBJC_ARC = YES;
				CLANG_ENABLE_OBJC_WEAK = YES;
				CLANG_WARN_BLOCK_CAPTURE_AUTORELEASING = YES;
				CLANG_WARN_BOOL_CONVERSION = YES;
				CLANG_WARN_COMMA = YES;
				CLANG_WARN_CONSTANT_CONVERSION = YES;
				CLANG_WARN_DEPRECATED_OBJC_IMPLEMENTATIONS = YES;
				CLANG_WARN_DIRECT_OBJC_ISA_USAGE = YES_ERROR;
				CLANG_WARN_DOCUMENTATION_COMMENTS = YES;
				CLANG_WARN_EMPTY_BODY = YES;
				CLANG_WARN_ENUM_CONVERSION = YES;
				CLANG_WARN_INFINITE_RECURSION = YES;
				CLANG_WARN_INT_CONVERSION = YES;
				CLANG_WARN_NON_LITERAL_NULL_CONVERSION = YES;
				CLANG_WARN_OBJC_IMPLICIT_RETAIN_SELF = YES;
				CLANG_WARN_OBJC_LITERAL_CONVERSION = YES;
				CLANG_WARN_OBJC_ROOT_CLASS = YES_ERROR;
				CLANG_WARN_QUOTED_INCLUDE_IN_FRAMEWORK_HEADER = YES;
				CLANG_WARN_RANGE_LOOP_ANALYSIS = YES;
				CLANG_WARN_STRICT_PROTOTYPES = YES;
				CLANG_WARN_SUSPICIOUS_MOVE = YES;
				CLANG_WARN_UNGUARDED_AVAILABILITY = YES_AGGRESSIVE;
				CLANG_WARN_UNREACHABLE_CODE = YES;
				CLANG_WARN__DUPLICATE_METHOD_MATCH = YES;
				COPY_PHASE_STRIP = NO;
				DEBUG_INFORMATION_FORMAT = "dwarf-with-dsym";
				ENABLE_NS_ASSERTIONS = NO;
				ENABLE_STRICT_OBJC_MSGSEND = YES;
				GCC_C_LANGUAGE_STANDARD = gnu11;
				GCC_NO_COMMON_BLOCKS = YES;
				GCC_WARN_64_TO_32_BIT_CONVERSION = YES;
				GCC_WARN_ABOUT_RETURN_TYPE = YES_ERROR;
				GCC_WARN_UNDECLARED_SELECTOR = YES;
				GCC_WARN_UNINITIALIZED_AUTOS = YES_AGGRESSIVE;
				GCC_WARN_UNUSED_FUNCTION = YES;
				GCC_WARN_UNUSED_VARIABLE = YES;
				IPHONEOS_DEPLOYMENT_TARGET = 16.0;
				MTL_ENABLE_DEBUG_INFO = NO;
				MTL_FAST_MATH = YES;
				SDKROOT = iphoneos;
				SWIFT_COMPILATION_MODE = wholemodule;
				SWIFT_OPTIMIZATION_LEVEL = "-O";
				VALIDATE_PRODUCT = YES;
			};
			name = Release;
		};
		2A42DCB7289BB6D600F267A4 /* Debug */ = {
			isa = XCBuildConfiguration;
			buildSettings = {
				ASSETCATALOG_COMPILER_APPICON_NAME = AppIcon;
				ASSETCATALOG_COMPILER_GLOBAL_ACCENT_COLOR_NAME = AccentColor;
				CODE_SIGN_STYLE = Automatic;
				CURRENT_PROJECT_VERSION = 1;
				GENERATE_INFOPLIST_FILE = YES;
				INFOPLIST_FILE = LatihanMengunduhGambar/Info.plist;
				INFOPLIST_KEY_UIApplicationSupportsIndirectInputEvents = YES;
				INFOPLIST_KEY_UILaunchStoryboardName = LaunchScreen;
				INFOPLIST_KEY_UIMainStoryboardFile = Main;
				INFOPLIST_KEY_UISupportedInterfaceOrientations_iPad = "UIInterfaceOrientationPortrait UIInterfaceOrientationPortraitUpsideDown UIInterfaceOrientationLandscapeLeft UIInterfaceOrientationLandscapeRight";
				INFOPLIST_KEY_UISupportedInterfaceOrientations_iPhone = "UIInterfaceOrientationPortrait UIInterfaceOrientationLandscapeLeft UIInterfaceOrientationLandscapeRight";
				IPHONEOS_DEPLOYMENT_TARGET = 15.5;
				LD_RUNPATH_SEARCH_PATHS = (
					"$(inherited)",
					"@executable_path/Frameworks",
				);
				MARKETING_VERSION = 1.0;
				PRODUCT_BUNDLE_IDENTIFIER = com.dicoding.academy.LatihanMengunduhGambar;
				PRODUCT_NAME = "$(TARGET_NAME)";
				SWIFT_EMIT_LOC_STRINGS = YES;
				SWIFT_VERSION = 5.0;
				TARGETED_DEVICE_FAMILY = "1,2";
			};
			name = Debug;
		};
		2A42DCB8289BB6D600F267A4 /* Release */ = {
			isa = XCBuildConfiguration;
			buildSettings = {
				ASSETCATALOG_COMPILER_APPICON_NAME = AppIcon;
				ASSETCATALOG_COMPILER_GLOBAL_ACCENT_COLOR_NAME = AccentColor;
				CODE_SIGN_STYLE = Automatic;
				CURRENT_PROJECT_VERSION = 1;
				GENERATE_INFOPLIST_FILE = YES;
				INFOPLIST_FILE = LatihanMengunduhGambar/Info.plist;
				INFOPLIST_KEY_UIApplicationSupportsIndirectInputEvents = YES;
				INFOPLIST_KEY_UILaunchStoryboardName = LaunchScreen;
				INFOPLIST_KEY_UIMainStoryboardFile = Main;
				INFOPLIST_KEY_UISupportedInterfaceOrientations_iPad = "UIInterfaceOrientationPortrait UIInterfaceOrientationPortraitUpsideDown UIInterfaceOrientationLandscapeLeft UIInterfaceOrientationLandscapeRight";
				INFOPLIST_KEY_UISupportedInterfaceOrientations_iPhone = "UIInterfaceOrientationPortrait UIInterfaceOrientationLandscapeLeft UIInterfaceOrientationLandscapeRight";
				IPHONEOS_DEPLOYMENT_TARGET = 15.5;
				LD_RUNPATH_SEARCH_PATHS = (
					"$(inherited)",
					"@executable_path/Frameworks",
				);
				MARKETING_VERSION = 1.0;
				PRODUCT_BUNDLE_IDENTIFIER = com.dicoding.academy.LatihanMengunduhGambar;
				PRODUCT_NAME = "$(TARGET_NAME)";
				SWIFT_EMIT_LOC_STRINGS = YES;
				SWIFT_VERSION = 5.0;
				TARGETED_DEVICE_FAMILY = "1,2";
			};
			name = Release;
		};
/* End XCBuildConfiguration section */

/* Begin XCConfigurationList section */
		2A42DC9D289BB6D300F267A4 /* Build configuration list for PBXProject "LatihanMengunduhGambar" */ = {
			isa = XCConfigurationList;
			buildConfigurations = (
				2A42DCB4289BB6D600F267A4 /* Debug */,
				2A42DCB5289BB6D600F267A4 /* Release */,
			);
			defaultConfigurationIsVisible = 0;
			defaultConfigurationName = Release;
		};
		2A42DCB6289BB6D600F267A4 /* Build configuration list for PBXNativeTarget "LatihanMenguduhGambar" */ = {
			isa = XCConfigurationList;
			buildConfigurations = (
				2A42DCB7289BB6D600F267A4 /* Debug */,
				2A42DCB8289BB6D600F267A4 /* Release */,
			);
			defaultConfigurationIsVisible = 0;
			defaultConfigurationName = Release;
		};
/* End XCConfigurationList section */
	};
	rootObject = 2A42DC9A289BB6D300F267A4 /* Project object */;
}
