// !$*UTF8*$!
{
	archiveVersion = 1;
	classes = {
	};
	objectVersion = 54;
	objects = {

/* Begin PBXBuildFile section */
		2A832B6E24A8E9DF00653321 /* AppDelegate.swift in Sources */ = {isa = PBXBuildFile; fileRef = 2A832B6D24A8E9DF00653321 /* AppDelegate.swift */; };
		2A832B7024A8E9DF00653321 /* SceneDelegate.swift in Sources */ = {isa = PBXBuildFile; fileRef = 2A832B6F24A8E9DF00653321 /* SceneDelegate.swift */; };
		2A832B7224A8E9DF00653321 /* ViewController.swift in Sources */ = {isa = PBXBuildFile; fileRef = 2A832B7124A8E9DF00653321 /* ViewController.swift */; };
		2A832B7524A8E9DF00653321 /* Main.storyboard in Resources */ = {isa = PBXBuildFile; fileRef = 2A832B7324A8E9DF00653321 /* Main.storyboard */; };
		2A832B7724A8E9E100653321 /* Assets.xcassets in Resources */ = {isa = PBXBuildFile; fileRef = 2A832B7624A8E9E100653321 /* Assets.xcassets */; };
		2A832B7A24A8E9E100653321 /* LaunchScreen.storyboard in Resources */ = {isa = PBXBuildFile; fileRef = 2A832B7824A8E9E100653321 /* LaunchScreen.storyboard */; };
		2A832BB224A8F2CA00653321 /* EmptyWindowTestTests.swift in Sources */ = {isa = PBXBuildFile; fileRef = 2A832BB124A8F2CA00653321 /* EmptyWindowTestTests.swift */; };
/* End PBXBuildFile section */

/* Begin PBXContainerItemProxy section */
		2A832BB424A8F2CA00653321 /* PBXContainerItemProxy */ = {
			isa = PBXContainerItemProxy;
			containerPortal = 2A832B6224A8E9DF00653321 /* Project object */;
			proxyType = 1;
			remoteGlobalIDString = 2A832B6924A8E9DF00653321;
			remoteInfo = EmptyWindowTest;
		};
/* End PBXContainerItemProxy section */

/* Begin PBXFileReference section */
		2A832B6A24A8E9DF00653321 /* EmptyWindowTest.app */ = {isa = PBXFileReference; explicitFileType = wrapper.application; includeInIndex = 0; path = EmptyWindowTest.app; sourceTree = BUILT_PRODUCTS_DIR; };
		2A832B6D24A8E9DF00653321 /* AppDelegate.swift */ = {isa = PBXFileReference; lastKnownFileType = sourcecode.swift; path = AppDelegate.swift; sourceTree = "<group>"; };
		2A832B6F24A8E9DF00653321 /* SceneDelegate.swift */ = {isa = PBXFileReference; lastKnownFileType = sourcecode.swift; path = SceneDelegate.swift; sourceTree = "<group>"; };
		2A832B7124A8E9DF00653321 /* ViewController.swift */ = {isa = PBXFileReference; lastKnownFileType = sourcecode.swift; path = ViewController.swift; sourceTree = "<group>"; };
		2A832B7424A8E9DF00653321 /* Base */ = {isa = PBXFileReference; lastKnownFileType = file.storyboard; name = Base; path = Base.lproj/Main.storyboard; sourceTree = "<group>"; };
		2A832B7624A8E9E100653321 /* Assets.xcassets */ = {isa = PBXFileReference; lastKnownFileType = folder.assetcatalog; path = Assets.xcassets; sourceTree = "<group>"; };
		2A832B7924A8E9E100653321 /* Base */ = {isa = PBXFileReference; lastKnownFileType = file.storyboard; name = Base; path = Base.lproj/LaunchScreen.storyboard; sourceTree = "<group>"; };
		2A832B7B24A8E9E100653321 /* Info.plist */ = {isa = PBXFileReference; lastKnownFileType = text.plist.xml; path = Info.plist; sourceTree = "<group>"; };
		2A832BAF24A8F2CA00653321 /* EmptyWindowTestTests.xctest */ = {isa = PBXFileReference; explicitFileType = wrapper.cfbundle; includeInIndex = 0; path = EmptyWindowTestTests.xctest; sourceTree = BUILT_PRODUCTS_DIR; };
		2A832BB124A8F2CA00653321 /* EmptyWindowTestTests.swift */ = {isa = PBXFileReference; lastKnownFileType = sourcecode.swift; path = EmptyWindowTestTests.swift; sourceTree = "<group>"; };
		2A832BB324A8F2CA00653321 /* Info.plist */ = {isa = PBXFileReference; lastKnownFileType = text.plist.xml; path = Info.plist; sourceTree = "<group>"; };
/* End PBXFileReference section */

/* Begin PBXFrameworksBuildPhase section */
		2A832B6724A8E9DF00653321 /* Frameworks */ = {
			isa = PBXFrameworksBuildPhase;
			buildActionMask = 2147483647;
			files = (
			);
			runOnlyForDeploymentPostprocessing = 0;
		};
		2A832BAC24A8F2CA00653321 /* Frameworks */ = {
			isa = PBXFrameworksBuildPhase;
			buildActionMask = 2147483647;
			files = (
			);
			runOnlyForDeploymentPostprocessing = 0;
		};
/* End PBXFrameworksBuildPhase section */

/* Begin PBXGroup section */
		2A832B6124A8E9DF00653321 = {
			isa = PBXGroup;
			children = (
				2A832B6C24A8E9DF00653321 /* EmptyWindowTest */,
				2A832BB024A8F2CA00653321 /* EmptyWindowTestTests */,
				2A832B6B24A8E9DF00653321 /* Products */,
			);
			sourceTree = "<group>";
		};
		2A832B6B24A8E9DF00653321 /* Products */ = {
			isa = PBXGroup;
			children = (
				2A832B6A24A8E9DF00653321 /* EmptyWindowTest.app */,
				2A832BAF24A8F2CA00653321 /* EmptyWindowTestTests.xctest */,
			);
			name = Products;
			sourceTree = "<group>";
		};
		2A832B6C24A8E9DF00653321 /* EmptyWindowTest */ = {
			isa = PBXGroup;
			children = (
				2A832B6D24A8E9DF00653321 /* AppDelegate.swift */,
				2A832B6F24A8E9DF00653321 /* SceneDelegate.swift */,
				2A832B7124A8E9DF00653321 /* ViewController.swift */,
				2A832B7324A8E9DF00653321 /* Main.storyboard */,
				2A832B7624A8E9E100653321 /* Assets.xcassets */,
				2A832B7824A8E9E100653321 /* LaunchScreen.storyboard */,
				2A832B7B24A8E9E100653321 /* Info.plist */,
			);
			path = EmptyWindowTest;
			sourceTree = "<group>";
		};
		2A832BB024A8F2CA00653321 /* EmptyWindowTestTests */ = {
			isa = PBXGroup;
			children = (
				2A832BB124A8F2CA00653321 /* EmptyWindowTestTests.swift */,
				2A832BB324A8F2CA00653321 /* Info.plist */,
			);
			path = EmptyWindowTestTests;
			sourceTree = "<group>";
		};
/* End PBXGroup section */

/* Begin PBXNativeTarget section */
		2A832B6924A8E9DF00653321 /* EmptyWindowTest */ = {
			isa = PBXNativeTarget;
			buildConfigurationList = 2A832B7E24A8E9E100653321 /* Build configuration list for PBXNativeTarget "EmptyWindowTest" */;
			buildPhases = (
				2A832B6624A8E9DF00653321 /* Sources */,
				2A832B6724A8E9DF00653321 /* Frameworks */,
				2A832B6824A8E9DF00653321 /* Resources */,
				2ACD11B3260B25A20098E33E /* ShellScript */,
			);
			buildRules = (
			);
			dependencies = (
			);
			name = EmptyWindowTest;
			productName = EmptyWindowTest;
			productReference = 2A832B6A24A8E9DF00653321 /* EmptyWindowTest.app */;
			productType = "com.apple.product-type.application";
		};
		2A832BAE24A8F2CA00653321 /* EmptyWindowTestTests */ = {
			isa = PBXNativeTarget;
			buildConfigurationList = 2A832BB624A8F2CA00653321 /* Build configuration list for PBXNativeTarget "EmptyWindowTestTests" */;
			buildPhases = (
				2A832BAB24A8F2CA00653321 /* Sources */,
				2A832BAC24A8F2CA00653321 /* Frameworks */,
				2A832BAD24A8F2CA00653321 /* Resources */,
				2ACD11AE260B25830098E33E /* ShellScript */,
			);
			buildRules = (
			);
			dependencies = (
				2A832BB524A8F2CA00653321 /* PBXTargetDependency */,
			);
			name = EmptyWindowTestTests;
			productName = EmptyWindowTestTests;
			productReference = 2A832BAF24A8F2CA00653321 /* EmptyWindowTestTests.xctest */;
			productType = "com.apple.product-type.bundle.unit-test";
		};
/* End PBXNativeTarget section */

/* Begin PBXProject section */
		2A832B6224A8E9DF00653321 /* Project object */ = {
			isa = PBXProject;
			attributes = {
				LastSwiftUpdateCheck = 1150;
				LastUpgradeCheck = 1240;
				ORGANIZATIONNAME = "Dicoding Indonesia";
				TargetAttributes = {
					2A832B6924A8E9DF00653321 = {
						CreatedOnToolsVersion = 11.5;
					};
					2A832BAE24A8F2CA00653321 = {
						CreatedOnToolsVersion = 11.5;
						TestTargetID = 2A832B6924A8E9DF00653321;
					};
				};
			};
			buildConfigurationList = 2A832B6524A8E9DF00653321 /* Build configuration list for PBXProject "EmptyWindowTest" */;
			compatibilityVersion = "Xcode 12.0";
			developmentRegion = en;
			hasScannedForEncodings = 0;
			knownRegions = (
				en,
				Base,
			);
			mainGroup = 2A832B6124A8E9DF00653321;
			productRefGroup = 2A832B6B24A8E9DF00653321 /* Products */;
			projectDirPath = "";
			projectRoot = "";
			targets = (
				2A832B6924A8E9DF00653321 /* EmptyWindowTest */,
				2A832BAE24A8F2CA00653321 /* EmptyWindowTestTests */,
			);
		};
/* End PBXProject section */

/* Begin PBXResourcesBuildPhase section */
		2A832B6824A8E9DF00653321 /* Resources */ = {
			isa = PBXResourcesBuildPhase;
			buildActionMask = 2147483647;
			files = (
				2A832B7A24A8E9E100653321 /* LaunchScreen.storyboard in Resources */,
				2A832B7724A8E9E100653321 /* Assets.xcassets in Resources */,
				2A832B7524A8E9DF00653321 /* Main.storyboard in Resources */,
			);
			runOnlyForDeploymentPostprocessing = 0;
		};
		2A832BAD24A8F2CA00653321 /* Resources */ = {
			isa = PBXResourcesBuildPhase;
			buildActionMask = 2147483647;
			files = (
			);
			runOnlyForDeploymentPostprocessing = 0;
		};
/* End PBXResourcesBuildPhase section */

/* Begin PBXShellScriptBuildPhase section */
		2ACD11AE260B25830098E33E /* ShellScript */ = {
			isa = PBXShellScriptBuildPhase;
			buildActionMask = 2147483647;
			files = (
			);
			inputFileListPaths = (
			);
			inputPaths = (
			);
			outputFileListPaths = (
			);
			outputPaths = (
			);
			runOnlyForDeploymentPostprocessing = 0;
			shellPath = /bin/sh;
			shellScript = "if which swiftlint >/dev/null; then\n  swiftlint\nelse\n  echo \"warning: SwiftLint not installed, download from https://github.com/realm/SwiftLint\"\nfi\n";
		};
		2ACD11B3260B25A20098E33E /* ShellScript */ = {
			isa = PBXShellScriptBuildPhase;
			buildActionMask = 2147483647;
			files = (
			);
			inputFileListPaths = (
			);
			inputPaths = (
			);
			outputFileListPaths = (
			);
			outputPaths = (
			);
			runOnlyForDeploymentPostprocessing = 0;
			shellPath = /bin/sh;
			shellScript = "if which swiftlint >/dev/null; then\n  swiftlint\nelse\n  echo \"warning: SwiftLint not installed, download from https://github.com/realm/SwiftLint\"\nfi\n";
		};
/* End PBXShellScriptBuildPhase section */

/* Begin PBXSourcesBuildPhase section */
		2A832B6624A8E9DF00653321 /* Sources */ = {
			isa = PBXSourcesBuildPhase;
			buildActionMask = 2147483647;
			files = (
				2A832B7224A8E9DF00653321 /* ViewController.swift in Sources */,
				2A832B6E24A8E9DF00653321 /* AppDelegate.swift in Sources */,
				2A832B7024A8E9DF00653321 /* SceneDelegate.swift in Sources */,
			);
			runOnlyForDeploymentPostprocessing = 0;
		};
		2A832BAB24A8F2CA00653321 /* Sources */ = {
			isa = PBXSourcesBuildPhase;
			buildActionMask = 2147483647;
			files = (
				2A832BB224A8F2CA00653321 /* EmptyWindowTestTests.swift in Sources */,
			);
			runOnlyForDeploymentPostprocessing = 0;
		};
/* End PBXSourcesBuildPhase section */

/* Begin PBXTargetDependency section */
		2A832BB524A8F2CA00653321 /* PBXTargetDependency */ = {
			isa = PBXTargetDependency;
			target = 2A832B6924A8E9DF00653321 /* EmptyWindowTest */;
			targetProxy = 2A832BB424A8F2CA00653321 /* PBXContainerItemProxy */;
		};
/* End PBXTargetDependency section */

/* Begin PBXVariantGroup section */
		2A832B7324A8E9DF00653321 /* Main.storyboard */ = {
			isa = PBXVariantGroup;
			children = (
				2A832B7424A8E9DF00653321 /* Base */,
			);
			name = Main.storyboard;
			sourceTree = "<group>";
		};
		2A832B7824A8E9E100653321 /* LaunchScreen.storyboard */ = {
			isa = PBXVariantGroup;
			children = (
				2A832B7924A8E9E100653321 /* Base */,
			);
			name = LaunchScreen.storyboard;
			sourceTree = "<group>";
		};
/* End PBXVariantGroup section */

/* Begin XCBuildConfiguration section */
		2A832B7C24A8E9E100653321 /* Debug */ = {
			isa = XCBuildConfiguration;
			buildSettings = {
				ALWAYS_SEARCH_USER_PATHS = NO;
				CLANG_ANALYZER_NONNULL = YES;
				CLANG_ANALYZER_NUMBER_OBJECT_CONVERSION = YES_AGGRESSIVE;
				CLANG_CXX_LANGUAGE_STANDARD = "gnu++14";
				CLANG_CXX_LIBRARY = "libc++";
				CLANG_ENABLE_MODULES = YES;
				CLANG_ENABLE_OBJC_ARC = YES;
				CLANG_ENABLE_OBJC_WEAK = YES;
				CLANG_WARN_BLOCK_CAPTURE_AUTORELEASING = YES;
				CLANG_WARN_BOOL_CONVERSION = YES;
				CLANG_WARN_COMMA = YES;
				CLANG_WARN_CONSTANT_CONVERSION = YES;
				CLANG_WARN_DEPRECATED_OBJC_IMPLEMENTATIONS = YES;
				CLANG_WARN_DIRECT_OBJC_ISA_USAGE = YES_ERROR;
				CLANG_WARN_DOCUMENTATION_COMMENTS = YES;
				CLANG_WARN_EMPTY_BODY = YES;
				CLANG_WARN_ENUM_CONVERSION = YES;
				CLANG_WARN_INFINITE_RECURSION = YES;
				CLANG_WARN_INT_CONVERSION = YES;
				CLANG_WARN_NON_LITERAL_NULL_CONVERSION = YES;
				CLANG_WARN_OBJC_IMPLICIT_RETAIN_SELF = YES;
				CLANG_WARN_OBJC_LITERAL_CONVERSION = YES;
				CLANG_WARN_OBJC_ROOT_CLASS = YES_ERROR;
				CLANG_WARN_QUOTED_INCLUDE_IN_FRAMEWORK_HEADER = YES;
				CLANG_WARN_RANGE_LOOP_ANALYSIS = YES;
				CLANG_WARN_STRICT_PROTOTYPES = YES;
				CLANG_WARN_SUSPICIOUS_MOVE = YES;
				CLANG_WARN_UNGUARDED_AVAILABILITY = YES_AGGRESSIVE;
				CLANG_WARN_UNREACHABLE_CODE = YES;
				CLANG_WARN__DUPLICATE_METHOD_MATCH = YES;
				COPY_PHASE_STRIP = NO;
				DEBUG_INFORMATION_FORMAT = dwarf;
				ENABLE_STRICT_OBJC_MSGSEND = YES;
				ENABLE_TESTABILITY = YES;
				GCC_C_LANGUAGE_STANDARD = gnu11;
				GCC_DYNAMIC_NO_PIC = NO;
				GCC_NO_COMMON_BLOCKS = YES;
				GCC_OPTIMIZATION_LEVEL = 0;
				GCC_PREPROCESSOR_DEFINITIONS = (
					"DEBUG=1",
					"$(inherited)",
				);
				GCC_WARN_64_TO_32_BIT_CONVERSION = YES;
				GCC_WARN_ABOUT_RETURN_TYPE = YES_ERROR;
				GCC_WARN_UNDECLARED_SELECTOR = YES;
				GCC_WARN_UNINITIALIZED_AUTOS = YES_AGGRESSIVE;
				GCC_WARN_UNUSED_FUNCTION = YES;
				GCC_WARN_UNUSED_VARIABLE = YES;
				MTL_ENABLE_DEBUG_INFO = INCLUDE_SOURCE;
				MTL_FAST_MATH = YES;
				ONLY_ACTIVE_ARCH = YES;
				SDKROOT = iphoneos;
				SWIFT_ACTIVE_COMPILATION_CONDITIONS = DEBUG;
				SWIFT_OPTIMIZATION_LEVEL = "-Onone";
				SWIFT_VERSION = 5.0;
			};
			name = Debug;
		};
		2A832B7D24A8E9E100653321 /* Release */ = {
			isa = XCBuildConfiguration;
			buildSettings = {
				ALWAYS_SEARCH_USER_PATHS = NO;
				CLANG_ANALYZER_NONNULL = YES;
				CLANG_ANALYZER_NUMBER_OBJECT_CONVERSION = YES_AGGRESSIVE;
				CLANG_CXX_LANGUAGE_STANDARD = "gnu++14";
				CLANG_CXX_LIBRARY = "libc++";
				CLANG_ENABLE_MODULES = YES;
				CLANG_ENABLE_OBJC_ARC = YES;
				CLANG_ENABLE_OBJC_WEAK = YES;
				CLANG_WARN_BLOCK_CAPTURE_AUTORELEASING = YES;
				CLANG_WARN_BOOL_CONVERSION = YES;
				CLANG_WARN_COMMA = YES;
				CLANG_WARN_CONSTANT_CONVERSION = YES;
				CLANG_WARN_DEPRECATED_OBJC_IMPLEMENTATIONS = YES;
				CLANG_WARN_DIRECT_OBJC_ISA_USAGE = YES_ERROR;
				CLANG_WARN_DOCUMENTATION_COMMENTS = YES;
				CLANG_WARN_EMPTY_BODY = YES;
				CLANG_WARN_ENUM_CONVERSION = YES;
				CLANG_WARN_INFINITE_RECURSION = YES;
				CLANG_WARN_INT_CONVERSION = YES;
				CLANG_WARN_NON_LITERAL_NULL_CONVERSION = YES;
				CLANG_WARN_OBJC_IMPLICIT_RETAIN_SELF = YES;
				CLANG_WARN_OBJC_LITERAL_CONVERSION = YES;
				CLANG_WARN_OBJC_ROOT_CLASS = YES_ERROR;
				CLANG_WARN_QUOTED_INCLUDE_IN_FRAMEWORK_HEADER = YES;
				CLANG_WARN_RANGE_LOOP_ANALYSIS = YES;
				CLANG_WARN_STRICT_PROTOTYPES = YES;
				CLANG_WARN_SUSPICIOUS_MOVE = YES;
				CLANG_WARN_UNGUARDED_AVAILABILITY = YES_AGGRESSIVE;
				CLANG_WARN_UNREACHABLE_CODE = YES;
				CLANG_WARN__DUPLICATE_METHOD_MATCH = YES;
				COPY_PHASE_STRIP = NO;
				DEBUG_INFORMATION_FORMAT = "dwarf-with-dsym";
				ENABLE_NS_ASSERTIONS = NO;
				ENABLE_STRICT_OBJC_MSGSEND = YES;
				GCC_C_LANGUAGE_STANDARD = gnu11;
				GCC_NO_COMMON_BLOCKS = YES;
				GCC_WARN_64_TO_32_BIT_CONVERSION = YES;
				GCC_WARN_ABOUT_RETURN_TYPE = YES_ERROR;
				GCC_WARN_UNDECLARED_SELECTOR = YES;
				GCC_WARN_UNINITIALIZED_AUTOS = YES_AGGRESSIVE;
				GCC_WARN_UNUSED_FUNCTION = YES;
				GCC_WARN_UNUSED_VARIABLE = YES;
				MTL_ENABLE_DEBUG_INFO = NO;
				MTL_FAST_MATH = YES;
				SDKROOT = iphoneos;
				SWIFT_COMPILATION_MODE = wholemodule;
				SWIFT_OPTIMIZATION_LEVEL = "-O";
				SWIFT_VERSION = 5.0;
				VALIDATE_PRODUCT = YES;
			};
			name = Release;
		};
		2A832B7F24A8E9E100653321 /* Debug */ = {
			isa = XCBuildConfiguration;
			buildSettings = {
				ASSETCATALOG_COMPILER_APPICON_NAME = AppIcon;
				CODE_SIGN_STYLE = Automatic;
				DEVELOPMENT_TEAM = 3KJD3K6NRB;
				INFOPLIST_FILE = EmptyWindowTest/Info.plist;
				IPHONEOS_DEPLOYMENT_TARGET = 15.5;
				LD_RUNPATH_SEARCH_PATHS = (
					"$(inherited)",
					"@executable_path/Frameworks",
				);
				PRODUCT_BUNDLE_IDENTIFIER = com.dicoding.academy.EmptyWindowTest;
				PRODUCT_NAME = "$(TARGET_NAME)";
				SWIFT_VERSION = 5.0;
				TARGETED_DEVICE_FAMILY = "1,2";
			};
			name = Debug;
		};
		2A832B8024A8E9E100653321 /* Release */ = {
			isa = XCBuildConfiguration;
			buildSettings = {
				ASSETCATALOG_COMPILER_APPICON_NAME = AppIcon;
				CODE_SIGN_STYLE = Automatic;
				DEVELOPMENT_TEAM = 3KJD3K6NRB;
				INFOPLIST_FILE = EmptyWindowTest/Info.plist;
				IPHONEOS_DEPLOYMENT_TARGET = 15.5;
				LD_RUNPATH_SEARCH_PATHS = (
					"$(inherited)",
					"@executable_path/Frameworks",
				);
				PRODUCT_BUNDLE_IDENTIFIER = com.dicoding.academy.EmptyWindowTest;
				PRODUCT_NAME = "$(TARGET_NAME)";
				SWIFT_VERSION = 5.0;
				TARGETED_DEVICE_FAMILY = "1,2";
			};
			name = Release;
		};
		2A832BB724A8F2CA00653321 /* Debug */ = {
			isa = XCBuildConfiguration;
			buildSettings = {
				BUNDLE_LOADER = "$(TEST_HOST)";
				CODE_SIGN_STYLE = Automatic;
				DEVELOPMENT_TEAM = 3KJD3K6NRB;
				INFOPLIST_FILE = EmptyWindowTestTests/Info.plist;
				LD_RUNPATH_SEARCH_PATHS = (
					"$(inherited)",
					"@executable_path/Frameworks",
					"@loader_path/Frameworks",
				);
				PRODUCT_BUNDLE_IDENTIFIER = com.dicoding.academy.EmptyWindowTestTests;
				PRODUCT_NAME = "$(TARGET_NAME)";
				SWIFT_VERSION = 5.0;
				TARGETED_DEVICE_FAMILY = "1,2";
				TEST_HOST = "$(BUILT_PRODUCTS_DIR)/EmptyWindowTest.app/EmptyWindowTest";
			};
			name = Debug;
		};
		2A832BB824A8F2CA00653321 /* Release */ = {
			isa = XCBuildConfiguration;
			buildSettings = {
				BUNDLE_LOADER = "$(TEST_HOST)";
				CODE_SIGN_STYLE = Automatic;
				DEVELOPMENT_TEAM = 3KJD3K6NRB;
				INFOPLIST_FILE = EmptyWindowTestTests/Info.plist;
				LD_RUNPATH_SEARCH_PATHS = (
					"$(inherited)",
					"@executable_path/Frameworks",
					"@loader_path/Frameworks",
				);
				PRODUCT_BUNDLE_IDENTIFIER = com.dicoding.academy.EmptyWindowTestTests;
				PRODUCT_NAME = "$(TARGET_NAME)";
				SWIFT_VERSION = 5.0;
				TARGETED_DEVICE_FAMILY = "1,2";
				TEST_HOST = "$(BUILT_PRODUCTS_DIR)/EmptyWindowTest.app/EmptyWindowTest";
			};
			name = Release;
		};
/* End XCBuildConfiguration section */

/* Begin XCConfigurationList section */
		2A832B6524A8E9DF00653321 /* Build configuration list for PBXProject "EmptyWindowTest" */ = {
			isa = XCConfigurationList;
			buildConfigurations = (
				2A832B7C24A8E9E100653321 /* Debug */,
				2A832B7D24A8E9E100653321 /* Release */,
			);
			defaultConfigurationIsVisible = 0;
			defaultConfigurationName = Release;
		};
		2A832B7E24A8E9E100653321 /* Build configuration list for PBXNativeTarget "EmptyWindowTest" */ = {
			isa = XCConfigurationList;
			buildConfigurations = (
				2A832B7F24A8E9E100653321 /* Debug */,
				2A832B8024A8E9E100653321 /* Release */,
			);
			defaultConfigurationIsVisible = 0;
			defaultConfigurationName = Release;
		};
		2A832BB624A8F2CA00653321 /* Build configuration list for PBXNativeTarget "EmptyWindowTestTests" */ = {
			isa = XCConfigurationList;
			buildConfigurations = (
				2A832BB724A8F2CA00653321 /* Debug */,
				2A832BB824A8F2CA00653321 /* Release */,
			);
			defaultConfigurationIsVisible = 0;
			defaultConfigurationName = Release;
		};
/* End XCConfigurationList section */
	};
	rootObject = 2A832B6224A8E9DF00653321 /* Project object */;
}
