// !$*UTF8*$!
{
	archiveVersion = 1;
	classes = {
	};
	objectVersion = 56;
	objects = {

/* Begin PBXBuildFile section */
		2A9F3EA928C1E4AB0095D6FE /* GreetingAppsApp.swift in Sources */ = {isa = PBXBuildFile; fileRef = 2A9F3EA828C1E4AB0095D6FE /* GreetingAppsApp.swift */; };
		2A9F3EAB28C1E4AB0095D6FE /* ContentView.swift in Sources */ = {isa = PBXBuildFile; fileRef = 2A9F3EAA28C1E4AB0095D6FE /* ContentView.swift */; };
		2A9F3EAD28C1E4AF0095D6FE /* Assets.xcassets in Resources */ = {isa = PBXBuildFile; fileRef = 2A9F3EAC28C1E4AF0095D6FE /* Assets.xcassets */; };
		2A9F3EB028C1E4AF0095D6FE /* Preview Assets.xcassets in Resources */ = {isa = PBXBuildFile; fileRef = 2A9F3EAF28C1E4AF0095D6FE /* Preview Assets.xcassets */; };
		2A9F3EC428C1E4B00095D6FE /* GreetingAppsUITests.swift in Sources */ = {isa = PBXBuildFile; fileRef = 2A9F3EC328C1E4B00095D6FE /* GreetingAppsUITests.swift */; };
		2A9F3EC628C1E4B00095D6FE /* GreetingAppsUITestsLaunchTests.swift in Sources */ = {isa = PBXBuildFile; fileRef = 2A9F3EC528C1E4B00095D6FE /* GreetingAppsUITestsLaunchTests.swift */; };
/* End PBXBuildFile section */

/* Begin PBXContainerItemProxy section */
		2A9F3EC028C1E4B00095D6FE /* PBXContainerItemProxy */ = {
			isa = PBXContainerItemProxy;
			containerPortal = 2A9F3E9D28C1E4AB0095D6FE /* Project object */;
			proxyType = 1;
			remoteGlobalIDString = 2A9F3EA428C1E4AB0095D6FE;
			remoteInfo = GreetingApps;
		};
/* End PBXContainerItemProxy section */

/* Begin PBXFileReference section */
		2A9F3EA528C1E4AB0095D6FE /* GreetingApps.app */ = {isa = PBXFileReference; explicitFileType = wrapper.application; includeInIndex = 0; path = GreetingApps.app; sourceTree = BUILT_PRODUCTS_DIR; };
		2A9F3EA828C1E4AB0095D6FE /* GreetingAppsApp.swift */ = {isa = PBXFileReference; lastKnownFileType = sourcecode.swift; path = GreetingAppsApp.swift; sourceTree = "<group>"; };
		2A9F3EAA28C1E4AB0095D6FE /* ContentView.swift */ = {isa = PBXFileReference; lastKnownFileType = sourcecode.swift; path = ContentView.swift; sourceTree = "<group>"; };
		2A9F3EAC28C1E4AF0095D6FE /* Assets.xcassets */ = {isa = PBXFileReference; lastKnownFileType = folder.assetcatalog; path = Assets.xcassets; sourceTree = "<group>"; };
		2A9F3EAF28C1E4AF0095D6FE /* Preview Assets.xcassets */ = {isa = PBXFileReference; lastKnownFileType = folder.assetcatalog; path = "Preview Assets.xcassets"; sourceTree = "<group>"; };
		2A9F3EBF28C1E4B00095D6FE /* GreetingAppsUITests.xctest */ = {isa = PBXFileReference; explicitFileType = wrapper.cfbundle; includeInIndex = 0; path = GreetingAppsUITests.xctest; sourceTree = BUILT_PRODUCTS_DIR; };
		2A9F3EC328C1E4B00095D6FE /* GreetingAppsUITests.swift */ = {isa = PBXFileReference; lastKnownFileType = sourcecode.swift; path = GreetingAppsUITests.swift; sourceTree = "<group>"; };
		2A9F3EC528C1E4B00095D6FE /* GreetingAppsUITestsLaunchTests.swift */ = {isa = PBXFileReference; lastKnownFileType = sourcecode.swift; path = GreetingAppsUITestsLaunchTests.swift; sourceTree = "<group>"; };
		2A9F3ED428C1EAE70095D6FE /* TestPlan.xctestplan */ = {isa = PBXFileReference; lastKnownFileType = text; path = TestPlan.xctestplan; sourceTree = "<group>"; };
		2A9F3ED528C1EC030095D6FE /* GreetingApps.xctestplan */ = {isa = PBXFileReference; lastKnownFileType = text; path = GreetingApps.xctestplan; sourceTree = "<group>"; };
/* End PBXFileReference section */

/* Begin PBXFrameworksBuildPhase section */
		2A9F3EA228C1E4AB0095D6FE /* Frameworks */ = {
			isa = PBXFrameworksBuildPhase;
			buildActionMask = 2147483647;
			files = (
			);
			runOnlyForDeploymentPostprocessing = 0;
		};
		2A9F3EBC28C1E4B00095D6FE /* Frameworks */ = {
			isa = PBXFrameworksBuildPhase;
			buildActionMask = 2147483647;
			files = (
			);
			runOnlyForDeploymentPostprocessing = 0;
		};
/* End PBXFrameworksBuildPhase section */

/* Begin PBXGroup section */
		2A9F3E9C28C1E4AB0095D6FE = {
			isa = PBXGroup;
			children = (
				2A9F3EA728C1E4AB0095D6FE /* GreetingApps */,
				2A9F3EC228C1E4B00095D6FE /* GreetingAppsUITests */,
				2A9F3EA628C1E4AB0095D6FE /* Products */,
			);
			sourceTree = "<group>";
		};
		2A9F3EA628C1E4AB0095D6FE /* Products */ = {
			isa = PBXGroup;
			children = (
				2A9F3EA528C1E4AB0095D6FE /* GreetingApps.app */,
				2A9F3EBF28C1E4B00095D6FE /* GreetingAppsUITests.xctest */,
			);
			name = Products;
			sourceTree = "<group>";
		};
		2A9F3EA728C1E4AB0095D6FE /* GreetingApps */ = {
			isa = PBXGroup;
			children = (
				2A9F3EA828C1E4AB0095D6FE /* GreetingAppsApp.swift */,
				2A9F3EAA28C1E4AB0095D6FE /* ContentView.swift */,
				2A9F3EAC28C1E4AF0095D6FE /* Assets.xcassets */,
				2A9F3EAE28C1E4AF0095D6FE /* Preview Content */,
			);
			path = GreetingApps;
			sourceTree = "<group>";
		};
		2A9F3EAE28C1E4AF0095D6FE /* Preview Content */ = {
			isa = PBXGroup;
			children = (
				2A9F3EAF28C1E4AF0095D6FE /* Preview Assets.xcassets */,
			);
			path = "Preview Content";
			sourceTree = "<group>";
		};
		2A9F3EC228C1E4B00095D6FE /* GreetingAppsUITests */ = {
			isa = PBXGroup;
			children = (
				2A9F3EC328C1E4B00095D6FE /* GreetingAppsUITests.swift */,
				2A9F3ED428C1EAE70095D6FE /* TestPlan.xctestplan */,
				2A9F3ED528C1EC030095D6FE /* GreetingApps.xctestplan */,
				2A9F3EC528C1E4B00095D6FE /* GreetingAppsUITestsLaunchTests.swift */,
			);
			path = GreetingAppsUITests;
			sourceTree = "<group>";
		};
/* End PBXGroup section */

/* Begin PBXNativeTarget section */
		2A9F3EA428C1E4AB0095D6FE /* GreetingApps */ = {
			isa = PBXNativeTarget;
			buildConfigurationList = 2A9F3EC928C1E4B00095D6FE /* Build configuration list for PBXNativeTarget "GreetingApps" */;
			buildPhases = (
				2A9F3EA128C1E4AB0095D6FE /* Sources */,
				2A9F3EA228C1E4AB0095D6FE /* Frameworks */,
				2A9F3EA328C1E4AB0095D6FE /* Resources */,
			);
			buildRules = (
			);
			dependencies = (
			);
			name = GreetingApps;
			productName = GreetingApps;
			productReference = 2A9F3EA528C1E4AB0095D6FE /* GreetingApps.app */;
			productType = "com.apple.product-type.application";
		};
		2A9F3EBE28C1E4B00095D6FE /* GreetingAppsUITests */ = {
			isa = PBXNativeTarget;
			buildConfigurationList = 2A9F3ECF28C1E4B00095D6FE /* Build configuration list for PBXNativeTarget "GreetingAppsUITests" */;
			buildPhases = (
				2A9F3EBB28C1E4B00095D6FE /* Sources */,
				2A9F3EBC28C1E4B00095D6FE /* Frameworks */,
				2A9F3EBD28C1E4B00095D6FE /* Resources */,
			);
			buildRules = (
			);
			dependencies = (
				2A9F3EC128C1E4B00095D6FE /* PBXTargetDependency */,
			);
			name = GreetingAppsUITests;
			productName = GreetingAppsUITests;
			productReference = 2A9F3EBF28C1E4B00095D6FE /* GreetingAppsUITests.xctest */;
			productType = "com.apple.product-type.bundle.ui-testing";
		};
/* End PBXNativeTarget section */

/* Begin PBXProject section */
		2A9F3E9D28C1E4AB0095D6FE /* Project object */ = {
			isa = PBXProject;
			attributes = {
				BuildIndependentTargetsInParallel = 1;
				LastSwiftUpdateCheck = 1400;
				LastUpgradeCheck = 1400;
				TargetAttributes = {
					2A9F3EA428C1E4AB0095D6FE = {
						CreatedOnToolsVersion = 14.0;
					};
					2A9F3EBE28C1E4B00095D6FE = {
						CreatedOnToolsVersion = 14.0;
						TestTargetID = 2A9F3EA428C1E4AB0095D6FE;
					};
				};
			};
			buildConfigurationList = 2A9F3EA028C1E4AB0095D6FE /* Build configuration list for PBXProject "GreetingApps" */;
			compatibilityVersion = "Xcode 14.0";
			developmentRegion = en;
			hasScannedForEncodings = 0;
			knownRegions = (
				en,
				Base,
			);
			mainGroup = 2A9F3E9C28C1E4AB0095D6FE;
			productRefGroup = 2A9F3EA628C1E4AB0095D6FE /* Products */;
			projectDirPath = "";
			projectRoot = "";
			targets = (
				2A9F3EA428C1E4AB0095D6FE /* GreetingApps */,
				2A9F3EBE28C1E4B00095D6FE /* GreetingAppsUITests */,
			);
		};
/* End PBXProject section */

/* Begin PBXResourcesBuildPhase section */
		2A9F3EA328C1E4AB0095D6FE /* Resources */ = {
			isa = PBXResourcesBuildPhase;
			buildActionMask = 2147483647;
			files = (
				2A9F3EB028C1E4AF0095D6FE /* Preview Assets.xcassets in Resources */,
				2A9F3EAD28C1E4AF0095D6FE /* Assets.xcassets in Resources */,
			);
			runOnlyForDeploymentPostprocessing = 0;
		};
		2A9F3EBD28C1E4B00095D6FE /* Resources */ = {
			isa = PBXResourcesBuildPhase;
			buildActionMask = 2147483647;
			files = (
			);
			runOnlyForDeploymentPostprocessing = 0;
		};
/* End PBXResourcesBuildPhase section */

/* Begin PBXSourcesBuildPhase section */
		2A9F3EA128C1E4AB0095D6FE /* Sources */ = {
			isa = PBXSourcesBuildPhase;
			buildActionMask = 2147483647;
			files = (
				2A9F3EAB28C1E4AB0095D6FE /* ContentView.swift in Sources */,
				2A9F3EA928C1E4AB0095D6FE /* GreetingAppsApp.swift in Sources */,
			);
			runOnlyForDeploymentPostprocessing = 0;
		};
		2A9F3EBB28C1E4B00095D6FE /* Sources */ = {
			isa = PBXSourcesBuildPhase;
			buildActionMask = 2147483647;
			files = (
				2A9F3EC428C1E4B00095D6FE /* GreetingAppsUITests.swift in Sources */,
				2A9F3EC628C1E4B00095D6FE /* GreetingAppsUITestsLaunchTests.swift in Sources */,
			);
			runOnlyForDeploymentPostprocessing = 0;
		};
/* End PBXSourcesBuildPhase section */

/* Begin PBXTargetDependency section */
		2A9F3EC128C1E4B00095D6FE /* PBXTargetDependency */ = {
			isa = PBXTargetDependency;
			target = 2A9F3EA428C1E4AB0095D6FE /* GreetingApps */;
			targetProxy = 2A9F3EC028C1E4B00095D6FE /* PBXContainerItemProxy */;
		};
/* End PBXTargetDependency section */

/* Begin XCBuildConfiguration section */
		2A9F3EC728C1E4B00095D6FE /* Debug */ = {
			isa = XCBuildConfiguration;
			buildSettings = {
				ALWAYS_SEARCH_USER_PATHS = NO;
				CLANG_ANALYZER_NONNULL = YES;
				CLANG_ANALYZER_NUMBER_OBJECT_CONVERSION = YES_AGGRESSIVE;
				CLANG_CXX_LANGUAGE_STANDARD = "gnu++20";
				CLANG_ENABLE_MODULES = YES;
				CLANG_ENABLE_OBJC_ARC = YES;
				CLANG_ENABLE_OBJC_WEAK = YES;
				CLANG_WARN_BLOCK_CAPTURE_AUTORELEASING = YES;
				CLANG_WARN_BOOL_CONVERSION = YES;
				CLANG_WARN_COMMA = YES;
				CLANG_WARN_CONSTANT_CONVERSION = YES;
				CLANG_WARN_DEPRECATED_OBJC_IMPLEMENTATIONS = YES;
				CLANG_WARN_DIRECT_OBJC_ISA_USAGE = YES_ERROR;
				CLANG_WARN_DOCUMENTATION_COMMENTS = YES;
				CLANG_WARN_EMPTY_BODY = YES;
				CLANG_WARN_ENUM_CONVERSION = YES;
				CLANG_WARN_INFINITE_RECURSION = YES;
				CLANG_WARN_INT_CONVERSION = YES;
				CLANG_WARN_NON_LITERAL_NULL_CONVERSION = YES;
				CLANG_WARN_OBJC_IMPLICIT_RETAIN_SELF = YES;
				CLANG_WARN_OBJC_LITERAL_CONVERSION = YES;
				CLANG_WARN_OBJC_ROOT_CLASS = YES_ERROR;
				CLANG_WARN_QUOTED_INCLUDE_IN_FRAMEWORK_HEADER = YES;
				CLANG_WARN_RANGE_LOOP_ANALYSIS = YES;
				CLANG_WARN_STRICT_PROTOTYPES = YES;
				CLANG_WARN_SUSPICIOUS_MOVE = YES;
				CLANG_WARN_UNGUARDED_AVAILABILITY = YES_AGGRESSIVE;
				CLANG_WARN_UNREACHABLE_CODE = YES;
				CLANG_WARN__DUPLICATE_METHOD_MATCH = YES;
				COPY_PHASE_STRIP = NO;
				DEBUG_INFORMATION_FORMAT = dwarf;
				ENABLE_STRICT_OBJC_MSGSEND = YES;
				ENABLE_TESTABILITY = YES;
				GCC_C_LANGUAGE_STANDARD = gnu11;
				GCC_DYNAMIC_NO_PIC = NO;
				GCC_NO_COMMON_BLOCKS = YES;
				GCC_OPTIMIZATION_LEVEL = 0;
				GCC_PREPROCESSOR_DEFINITIONS = (
					"DEBUG=1",
					"$(inherited)",
				);
				GCC_WARN_64_TO_32_BIT_CONVERSION = YES;
				GCC_WARN_ABOUT_RETURN_TYPE = YES_ERROR;
				GCC_WARN_UNDECLARED_SELECTOR = YES;
				GCC_WARN_UNINITIALIZED_AUTOS = YES_AGGRESSIVE;
				GCC_WARN_UNUSED_FUNCTION = YES;
				GCC_WARN_UNUSED_VARIABLE = YES;
				IPHONEOS_DEPLOYMENT_TARGET = 16.0;
				MTL_ENABLE_DEBUG_INFO = INCLUDE_SOURCE;
				MTL_FAST_MATH = YES;
				ONLY_ACTIVE_ARCH = YES;
				SDKROOT = iphoneos;
				SWIFT_ACTIVE_COMPILATION_CONDITIONS = DEBUG;
				SWIFT_OPTIMIZATION_LEVEL = "-Onone";
			};
			name = Debug;
		};
		2A9F3EC828C1E4B00095D6FE /* Release */ = {
			isa = XCBuildConfiguration;
			buildSettings = {
				ALWAYS_SEARCH_USER_PATHS = NO;
				CLANG_ANALYZER_NONNULL = YES;
				CLANG_ANALYZER_NUMBER_OBJECT_CONVERSION = YES_AGGRESSIVE;
				CLANG_CXX_LANGUAGE_STANDARD = "gnu++20";
				CLANG_ENABLE_MODULES = YES;
				CLANG_ENABLE_OBJC_ARC = YES;
				CLANG_ENABLE_OBJC_WEAK = YES;
				CLANG_WARN_BLOCK_CAPTURE_AUTORELEASING = YES;
				CLANG_WARN_BOOL_CONVERSION = YES;
				CLANG_WARN_COMMA = YES;
				CLANG_WARN_CONSTANT_CONVERSION = YES;
				CLANG_WARN_DEPRECATED_OBJC_IMPLEMENTATIONS = YES;
				CLANG_WARN_DIRECT_OBJC_ISA_USAGE = YES_ERROR;
				CLANG_WARN_DOCUMENTATION_COMMENTS = YES;
				CLANG_WARN_EMPTY_BODY = YES;
				CLANG_WARN_ENUM_CONVERSION = YES;
				CLANG_WARN_INFINITE_RECURSION = YES;
				CLANG_WARN_INT_CONVERSION = YES;
				CLANG_WARN_NON_LITERAL_NULL_CONVERSION = YES;
				CLANG_WARN_OBJC_IMPLICIT_RETAIN_SELF = YES;
				CLANG_WARN_OBJC_LITERAL_CONVERSION = YES;
				CLANG_WARN_OBJC_ROOT_CLASS = YES_ERROR;
				CLANG_WARN_QUOTED_INCLUDE_IN_FRAMEWORK_HEADER = YES;
				CLANG_WARN_RANGE_LOOP_ANALYSIS = YES;
				CLANG_WARN_STRICT_PROTOTYPES = YES;
				CLANG_WARN_SUSPICIOUS_MOVE = YES;
				CLANG_WARN_UNGUARDED_AVAILABILITY = YES_AGGRESSIVE;
				CLANG_WARN_UNREACHABLE_CODE = YES;
				CLANG_WARN__DUPLICATE_METHOD_MATCH = YES;
				COPY_PHASE_STRIP = NO;
				DEBUG_INFORMATION_FORMAT = "dwarf-with-dsym";
				ENABLE_NS_ASSERTIONS = NO;
				ENABLE_STRICT_OBJC_MSGSEND = YES;
				GCC_C_LANGUAGE_STANDARD = gnu11;
				GCC_NO_COMMON_BLOCKS = YES;
				GCC_WARN_64_TO_32_BIT_CONVERSION = YES;
				GCC_WARN_ABOUT_RETURN_TYPE = YES_ERROR;
				GCC_WARN_UNDECLARED_SELECTOR = YES;
				GCC_WARN_UNINITIALIZED_AUTOS = YES_AGGRESSIVE;
				GCC_WARN_UNUSED_FUNCTION = YES;
				GCC_WARN_UNUSED_VARIABLE = YES;
				IPHONEOS_DEPLOYMENT_TARGET = 16.0;
				MTL_ENABLE_DEBUG_INFO = NO;
				MTL_FAST_MATH = YES;
				SDKROOT = iphoneos;
				SWIFT_COMPILATION_MODE = wholemodule;
				SWIFT_OPTIMIZATION_LEVEL = "-O";
				VALIDATE_PRODUCT = YES;
			};
			name = Release;
		};
		2A9F3ECA28C1E4B00095D6FE /* Debug */ = {
			isa = XCBuildConfiguration;
			buildSettings = {
				ASSETCATALOG_COMPILER_APPICON_NAME = AppIcon;
				ASSETCATALOG_COMPILER_GLOBAL_ACCENT_COLOR_NAME = AccentColor;
				CODE_SIGN_STYLE = Automatic;
				CURRENT_PROJECT_VERSION = 1;
				DEVELOPMENT_ASSET_PATHS = "\"GreetingApps/Preview Content\"";
				ENABLE_PREVIEWS = YES;
				GENERATE_INFOPLIST_FILE = YES;
				INFOPLIST_KEY_UIApplicationSceneManifest_Generation = YES;
				INFOPLIST_KEY_UIApplicationSupportsIndirectInputEvents = YES;
				INFOPLIST_KEY_UILaunchScreen_Generation = YES;
				INFOPLIST_KEY_UISupportedInterfaceOrientations_iPad = "UIInterfaceOrientationPortrait UIInterfaceOrientationPortraitUpsideDown UIInterfaceOrientationLandscapeLeft UIInterfaceOrientationLandscapeRight";
				INFOPLIST_KEY_UISupportedInterfaceOrientations_iPhone = "UIInterfaceOrientationPortrait UIInterfaceOrientationLandscapeLeft UIInterfaceOrientationLandscapeRight";
				LD_RUNPATH_SEARCH_PATHS = (
					"$(inherited)",
					"@executable_path/Frameworks",
				);
				MARKETING_VERSION = 1.0;
				PRODUCT_BUNDLE_IDENTIFIER = com.dicoding.academy.GreetingApps;
				PRODUCT_NAME = "$(TARGET_NAME)";
				SWIFT_EMIT_LOC_STRINGS = YES;
				SWIFT_VERSION = 5.0;
				TARGETED_DEVICE_FAMILY = "1,2";
			};
			name = Debug;
		};
		2A9F3ECB28C1E4B00095D6FE /* Release */ = {
			isa = XCBuildConfiguration;
			buildSettings = {
				ASSETCATALOG_COMPILER_APPICON_NAME = AppIcon;
				ASSETCATALOG_COMPILER_GLOBAL_ACCENT_COLOR_NAME = AccentColor;
				CODE_SIGN_STYLE = Automatic;
				CURRENT_PROJECT_VERSION = 1;
				DEVELOPMENT_ASSET_PATHS = "\"GreetingApps/Preview Content\"";
				ENABLE_PREVIEWS = YES;
				GENERATE_INFOPLIST_FILE = YES;
				INFOPLIST_KEY_UIApplicationSceneManifest_Generation = YES;
				INFOPLIST_KEY_UIApplicationSupportsIndirectInputEvents = YES;
				INFOPLIST_KEY_UILaunchScreen_Generation = YES;
				INFOPLIST_KEY_UISupportedInterfaceOrientations_iPad = "UIInterfaceOrientationPortrait UIInterfaceOrientationPortraitUpsideDown UIInterfaceOrientationLandscapeLeft UIInterfaceOrientationLandscapeRight";
				INFOPLIST_KEY_UISupportedInterfaceOrientations_iPhone = "UIInterfaceOrientationPortrait UIInterfaceOrientationLandscapeLeft UIInterfaceOrientationLandscapeRight";
				LD_RUNPATH_SEARCH_PATHS = (
					"$(inherited)",
					"@executable_path/Frameworks",
				);
				MARKETING_VERSION = 1.0;
				PRODUCT_BUNDLE_IDENTIFIER = com.dicoding.academy.GreetingApps;
				PRODUCT_NAME = "$(TARGET_NAME)";
				SWIFT_EMIT_LOC_STRINGS = YES;
				SWIFT_VERSION = 5.0;
				TARGETED_DEVICE_FAMILY = "1,2";
			};
			name = Release;
		};
		2A9F3ED028C1E4B00095D6FE /* Debug */ = {
			isa = XCBuildConfiguration;
			buildSettings = {
				ALWAYS_EMBED_SWIFT_STANDARD_LIBRARIES = YES;
				CODE_SIGN_STYLE = Automatic;
				CURRENT_PROJECT_VERSION = 1;
				GENERATE_INFOPLIST_FILE = YES;
				MARKETING_VERSION = 1.0;
				PRODUCT_BUNDLE_IDENTIFIER = com.dicoding.academy.GreetingAppsUITests;
				PRODUCT_NAME = "$(TARGET_NAME)";
				SWIFT_EMIT_LOC_STRINGS = NO;
				SWIFT_VERSION = 5.0;
				TARGETED_DEVICE_FAMILY = "1,2";
				TEST_TARGET_NAME = GreetingApps;
			};
			name = Debug;
		};
		2A9F3ED128C1E4B00095D6FE /* Release */ = {
			isa = XCBuildConfiguration;
			buildSettings = {
				ALWAYS_EMBED_SWIFT_STANDARD_LIBRARIES = YES;
				CODE_SIGN_STYLE = Automatic;
				CURRENT_PROJECT_VERSION = 1;
				GENERATE_INFOPLIST_FILE = YES;
				MARKETING_VERSION = 1.0;
				PRODUCT_BUNDLE_IDENTIFIER = com.dicoding.academy.GreetingAppsUITests;
				PRODUCT_NAME = "$(TARGET_NAME)";
				SWIFT_EMIT_LOC_STRINGS = NO;
				SWIFT_VERSION = 5.0;
				TARGETED_DEVICE_FAMILY = "1,2";
				TEST_TARGET_NAME = GreetingApps;
			};
			name = Release;
		};
/* End XCBuildConfiguration section */

/* Begin XCConfigurationList section */
		2A9F3EA028C1E4AB0095D6FE /* Build configuration list for PBXProject "GreetingApps" */ = {
			isa = XCConfigurationList;
			buildConfigurations = (
				2A9F3EC728C1E4B00095D6FE /* Debug */,
				2A9F3EC828C1E4B00095D6FE /* Release */,
			);
			defaultConfigurationIsVisible = 0;
			defaultConfigurationName = Release;
		};
		2A9F3EC928C1E4B00095D6FE /* Build configuration list for PBXNativeTarget "GreetingApps" */ = {
			isa = XCConfigurationList;
			buildConfigurations = (
				2A9F3ECA28C1E4B00095D6FE /* Debug */,
				2A9F3ECB28C1E4B00095D6FE /* Release */,
			);
			defaultConfigurationIsVisible = 0;
			defaultConfigurationName = Release;
		};
		2A9F3ECF28C1E4B00095D6FE /* Build configuration list for PBXNativeTarget "GreetingAppsUITests" */ = {
			isa = XCConfigurationList;
			buildConfigurations = (
				2A9F3ED028C1E4B00095D6FE /* Debug */,
				2A9F3ED128C1E4B00095D6FE /* Release */,
			);
			defaultConfigurationIsVisible = 0;
			defaultConfigurationName = Release;
		};
/* End XCConfigurationList section */
	};
	rootObject = 2A9F3E9D28C1E4AB0095D6FE /* Project object */;
}
