// !$*UTF8*$!
{
	archiveVersion = 1;
	classes = {
	};
	objectVersion = 50;
	objects = {

/* Begin PBXBuildFile section */
		2A3B55E424CE72E90052CB4B /* AppDelegate.swift in Sources */ = {isa = PBXBuildFile; fileRef = 2A3B55E324CE72E90052CB4B /* AppDelegate.swift */; };
		2A3B55E624CE72E90052CB4B /* SceneDelegate.swift in Sources */ = {isa = PBXBuildFile; fileRef = 2A3B55E524CE72E90052CB4B /* SceneDelegate.swift */; };
		2A3B55E824CE72E90052CB4B /* ViewController.swift in Sources */ = {isa = PBXBuildFile; fileRef = 2A3B55E724CE72E90052CB4B /* ViewController.swift */; };
		2A3B55EB24CE72E90052CB4B /* Main.storyboard in Resources */ = {isa = PBXBuildFile; fileRef = 2A3B55E924CE72E90052CB4B /* Main.storyboard */; };
		2A3B55ED24CE72EC0052CB4B /* Assets.xcassets in Resources */ = {isa = PBXBuildFile; fileRef = 2A3B55EC24CE72EC0052CB4B /* Assets.xcassets */; };
		2A3B55F024CE72EC0052CB4B /* LaunchScreen.storyboard in Resources */ = {isa = PBXBuildFile; fileRef = 2A3B55EE24CE72EC0052CB4B /* LaunchScreen.storyboard */; };
		2A3B55F824CE73230052CB4B /* Movies.xml in Resources */ = {isa = PBXBuildFile; fileRef = 2A3B55F724CE73230052CB4B /* Movies.xml */; };
/* End PBXBuildFile section */

/* Begin PBXFileReference section */
		2A3B55E024CE72E90052CB4B /* Parsing XML.app */ = {isa = PBXFileReference; explicitFileType = wrapper.application; includeInIndex = 0; path = "Parsing XML.app"; sourceTree = BUILT_PRODUCTS_DIR; };
		2A3B55E324CE72E90052CB4B /* AppDelegate.swift */ = {isa = PBXFileReference; lastKnownFileType = sourcecode.swift; path = AppDelegate.swift; sourceTree = "<group>"; };
		2A3B55E524CE72E90052CB4B /* SceneDelegate.swift */ = {isa = PBXFileReference; lastKnownFileType = sourcecode.swift; path = SceneDelegate.swift; sourceTree = "<group>"; };
		2A3B55E724CE72E90052CB4B /* ViewController.swift */ = {isa = PBXFileReference; lastKnownFileType = sourcecode.swift; path = ViewController.swift; sourceTree = "<group>"; };
		2A3B55EA24CE72E90052CB4B /* Base */ = {isa = PBXFileReference; lastKnownFileType = file.storyboard; name = Base; path = Base.lproj/Main.storyboard; sourceTree = "<group>"; };
		2A3B55EC24CE72EC0052CB4B /* Assets.xcassets */ = {isa = PBXFileReference; lastKnownFileType = folder.assetcatalog; path = Assets.xcassets; sourceTree = "<group>"; };
		2A3B55EF24CE72EC0052CB4B /* Base */ = {isa = PBXFileReference; lastKnownFileType = file.storyboard; name = Base; path = Base.lproj/LaunchScreen.storyboard; sourceTree = "<group>"; };
		2A3B55F124CE72EC0052CB4B /* Info.plist */ = {isa = PBXFileReference; lastKnownFileType = text.plist.xml; path = Info.plist; sourceTree = "<group>"; };
		2A3B55F724CE73230052CB4B /* Movies.xml */ = {isa = PBXFileReference; lastKnownFileType = text.xml; path = Movies.xml; sourceTree = "<group>"; };
/* End PBXFileReference section */

/* Begin PBXFrameworksBuildPhase section */
		2A3B55DD24CE72E90052CB4B /* Frameworks */ = {
			isa = PBXFrameworksBuildPhase;
			buildActionMask = 2147483647;
			files = (
			);
			runOnlyForDeploymentPostprocessing = 0;
		};
/* End PBXFrameworksBuildPhase section */

/* Begin PBXGroup section */
		2A3B55D724CE72E90052CB4B = {
			isa = PBXGroup;
			children = (
				2A3B55E224CE72E90052CB4B /* Parsing XML */,
				2A3B55E124CE72E90052CB4B /* Products */,
			);
			sourceTree = "<group>";
		};
		2A3B55E124CE72E90052CB4B /* Products */ = {
			isa = PBXGroup;
			children = (
				2A3B55E024CE72E90052CB4B /* Parsing XML.app */,
			);
			name = Products;
			sourceTree = "<group>";
		};
		2A3B55E224CE72E90052CB4B /* Parsing XML */ = {
			isa = PBXGroup;
			children = (
				2A3B55E324CE72E90052CB4B /* AppDelegate.swift */,
				2A3B55E524CE72E90052CB4B /* SceneDelegate.swift */,
				2A3B55E724CE72E90052CB4B /* ViewController.swift */,
				2A3B55E924CE72E90052CB4B /* Main.storyboard */,
				2A3B55EC24CE72EC0052CB4B /* Assets.xcassets */,
				2A3B55EE24CE72EC0052CB4B /* LaunchScreen.storyboard */,
				2A3B55F124CE72EC0052CB4B /* Info.plist */,
				2A3B55F724CE73230052CB4B /* Movies.xml */,
			);
			path = "Parsing XML";
			sourceTree = "<group>";
		};
/* End PBXGroup section */

/* Begin PBXNativeTarget section */
		2A3B55DF24CE72E90052CB4B /* Parsing XML */ = {
			isa = PBXNativeTarget;
			buildConfigurationList = 2A3B55F424CE72EC0052CB4B /* Build configuration list for PBXNativeTarget "Parsing XML" */;
			buildPhases = (
				2A3B55DC24CE72E90052CB4B /* Sources */,
				2A3B55DD24CE72E90052CB4B /* Frameworks */,
				2A3B55DE24CE72E90052CB4B /* Resources */,
			);
			buildRules = (
			);
			dependencies = (
			);
			name = "Parsing XML";
			productName = "Parsing XML";
			productReference = 2A3B55E024CE72E90052CB4B /* Parsing XML.app */;
			productType = "com.apple.product-type.application";
		};
/* End PBXNativeTarget section */

/* Begin PBXProject section */
		2A3B55D824CE72E90052CB4B /* Project object */ = {
			isa = PBXProject;
			attributes = {
				LastSwiftUpdateCheck = 1160;
				LastUpgradeCheck = 1160;
				ORGANIZATIONNAME = "Dicoding Indonesia";
				TargetAttributes = {
					2A3B55DF24CE72E90052CB4B = {
						CreatedOnToolsVersion = 11.6;
					};
				};
			};
			buildConfigurationList = 2A3B55DB24CE72E90052CB4B /* Build configuration list for PBXProject "Parsing XML" */;
			compatibilityVersion = "Xcode 9.3";
			developmentRegion = en;
			hasScannedForEncodings = 0;
			knownRegions = (
				en,
				Base,
			);
			mainGroup = 2A3B55D724CE72E90052CB4B;
			productRefGroup = 2A3B55E124CE72E90052CB4B /* Products */;
			projectDirPath = "";
			projectRoot = "";
			targets = (
				2A3B55DF24CE72E90052CB4B /* Parsing XML */,
			);
		};
/* End PBXProject section */

/* Begin PBXResourcesBuildPhase section */
		2A3B55DE24CE72E90052CB4B /* Resources */ = {
			isa = PBXResourcesBuildPhase;
			buildActionMask = 2147483647;
			files = (
				2A3B55F824CE73230052CB4B /* Movies.xml in Resources */,
				2A3B55F024CE72EC0052CB4B /* LaunchScreen.storyboard in Resources */,
				2A3B55ED24CE72EC0052CB4B /* Assets.xcassets in Resources */,
				2A3B55EB24CE72E90052CB4B /* Main.storyboard in Resources */,
			);
			runOnlyForDeploymentPostprocessing = 0;
		};
/* End PBXResourcesBuildPhase section */

/* Begin PBXSourcesBuildPhase section */
		2A3B55DC24CE72E90052CB4B /* Sources */ = {
			isa = PBXSourcesBuildPhase;
			buildActionMask = 2147483647;
			files = (
				2A3B55E824CE72E90052CB4B /* ViewController.swift in Sources */,
				2A3B55E424CE72E90052CB4B /* AppDelegate.swift in Sources */,
				2A3B55E624CE72E90052CB4B /* SceneDelegate.swift in Sources */,
			);
			runOnlyForDeploymentPostprocessing = 0;
		};
/* End PBXSourcesBuildPhase section */

/* Begin PBXVariantGroup section */
		2A3B55E924CE72E90052CB4B /* Main.storyboard */ = {
			isa = PBXVariantGroup;
			children = (
				2A3B55EA24CE72E90052CB4B /* Base */,
			);
			name = Main.storyboard;
			sourceTree = "<group>";
		};
		2A3B55EE24CE72EC0052CB4B /* LaunchScreen.storyboard */ = {
			isa = PBXVariantGroup;
			children = (
				2A3B55EF24CE72EC0052CB4B /* Base */,
			);
			name = LaunchScreen.storyboard;
			sourceTree = "<group>";
		};
/* End PBXVariantGroup section */

/* Begin XCBuildConfiguration section */
		2A3B55F224CE72EC0052CB4B /* Debug */ = {
			isa = XCBuildConfiguration;
			buildSettings = {
				ALWAYS_SEARCH_USER_PATHS = NO;
				CLANG_ANALYZER_NONNULL = YES;
				CLANG_ANALYZER_NUMBER_OBJECT_CONVERSION = YES_AGGRESSIVE;
				CLANG_CXX_LANGUAGE_STANDARD = "gnu++14";
				CLANG_CXX_LIBRARY = "libc++";
				CLANG_ENABLE_MODULES = YES;
				CLANG_ENABLE_OBJC_ARC = YES;
				CLANG_ENABLE_OBJC_WEAK = YES;
				CLANG_WARN_BLOCK_CAPTURE_AUTORELEASING = YES;
				CLANG_WARN_BOOL_CONVERSION = YES;
				CLANG_WARN_COMMA = YES;
				CLANG_WARN_CONSTANT_CONVERSION = YES;
				CLANG_WARN_DEPRECATED_OBJC_IMPLEMENTATIONS = YES;
				CLANG_WARN_DIRECT_OBJC_ISA_USAGE = YES_ERROR;
				CLANG_WARN_DOCUMENTATION_COMMENTS = YES;
				CLANG_WARN_EMPTY_BODY = YES;
				CLANG_WARN_ENUM_CONVERSION = YES;
				CLANG_WARN_INFINITE_RECURSION = YES;
				CLANG_WARN_INT_CONVERSION = YES;
				CLANG_WARN_NON_LITERAL_NULL_CONVERSION = YES;
				CLANG_WARN_OBJC_IMPLICIT_RETAIN_SELF = YES;
				CLANG_WARN_OBJC_LITERAL_CONVERSION = YES;
				CLANG_WARN_OBJC_ROOT_CLASS = YES_ERROR;
				CLANG_WARN_RANGE_LOOP_ANALYSIS = YES;
				CLANG_WARN_STRICT_PROTOTYPES = YES;
				CLANG_WARN_SUSPICIOUS_MOVE = YES;
				CLANG_WARN_UNGUARDED_AVAILABILITY = YES_AGGRESSIVE;
				CLANG_WARN_UNREACHABLE_CODE = YES;
				CLANG_WARN__DUPLICATE_METHOD_MATCH = YES;
				COPY_PHASE_STRIP = NO;
				DEBUG_INFORMATION_FORMAT = dwarf;
				ENABLE_STRICT_OBJC_MSGSEND = YES;
				ENABLE_TESTABILITY = YES;
				GCC_C_LANGUAGE_STANDARD = gnu11;
				GCC_DYNAMIC_NO_PIC = NO;
				GCC_NO_COMMON_BLOCKS = YES;
				GCC_OPTIMIZATION_LEVEL = 0;
				GCC_PREPROCESSOR_DEFINITIONS = (
					"DEBUG=1",
					"$(inherited)",
				);
				GCC_WARN_64_TO_32_BIT_CONVERSION = YES;
				GCC_WARN_ABOUT_RETURN_TYPE = YES_ERROR;
				GCC_WARN_UNDECLARED_SELECTOR = YES;
				GCC_WARN_UNINITIALIZED_AUTOS = YES_AGGRESSIVE;
				GCC_WARN_UNUSED_FUNCTION = YES;
				GCC_WARN_UNUSED_VARIABLE = YES;
				IPHONEOS_DEPLOYMENT_TARGET = 13.6;
				MTL_ENABLE_DEBUG_INFO = INCLUDE_SOURCE;
				MTL_FAST_MATH = YES;
				ONLY_ACTIVE_ARCH = YES;
				SDKROOT = iphoneos;
				SWIFT_ACTIVE_COMPILATION_CONDITIONS = DEBUG;
				SWIFT_OPTIMIZATION_LEVEL = "-Onone";
			};
			name = Debug;
		};
		2A3B55F324CE72EC0052CB4B /* Release */ = {
			isa = XCBuildConfiguration;
			buildSettings = {
				ALWAYS_SEARCH_USER_PATHS = NO;
				CLANG_ANALYZER_NONNULL = YES;
				CLANG_ANALYZER_NUMBER_OBJECT_CONVERSION = YES_AGGRESSIVE;
				CLANG_CXX_LANGUAGE_STANDARD = "gnu++14";
				CLANG_CXX_LIBRARY = "libc++";
				CLANG_ENABLE_MODULES = YES;
				CLANG_ENABLE_OBJC_ARC = YES;
				CLANG_ENABLE_OBJC_WEAK = YES;
				CLANG_WARN_BLOCK_CAPTURE_AUTORELEASING = YES;
				CLANG_WARN_BOOL_CONVERSION = YES;
				CLANG_WARN_COMMA = YES;
				CLANG_WARN_CONSTANT_CONVERSION = YES;
				CLANG_WARN_DEPRECATED_OBJC_IMPLEMENTATIONS = YES;
				CLANG_WARN_DIRECT_OBJC_ISA_USAGE = YES_ERROR;
				CLANG_WARN_DOCUMENTATION_COMMENTS = YES;
				CLANG_WARN_EMPTY_BODY = YES;
				CLANG_WARN_ENUM_CONVERSION = YES;
				CLANG_WARN_INFINITE_RECURSION = YES;
				CLANG_WARN_INT_CONVERSION = YES;
				CLANG_WARN_NON_LITERAL_NULL_CONVERSION = YES;
				CLANG_WARN_OBJC_IMPLICIT_RETAIN_SELF = YES;
				CLANG_WARN_OBJC_LITERAL_CONVERSION = YES;
				CLANG_WARN_OBJC_ROOT_CLASS = YES_ERROR;
				CLANG_WARN_RANGE_LOOP_ANALYSIS = YES;
				CLANG_WARN_STRICT_PROTOTYPES = YES;
				CLANG_WARN_SUSPICIOUS_MOVE = YES;
				CLANG_WARN_UNGUARDED_AVAILABILITY = YES_AGGRESSIVE;
				CLANG_WARN_UNREACHABLE_CODE = YES;
				CLANG_WARN__DUPLICATE_METHOD_MATCH = YES;
				COPY_PHASE_STRIP = NO;
				DEBUG_INFORMATION_FORMAT = "dwarf-with-dsym";
				ENABLE_NS_ASSERTIONS = NO;
				ENABLE_STRICT_OBJC_MSGSEND = YES;
				GCC_C_LANGUAGE_STANDARD = gnu11;
				GCC_NO_COMMON_BLOCKS = YES;
				GCC_WARN_64_TO_32_BIT_CONVERSION = YES;
				GCC_WARN_ABOUT_RETURN_TYPE = YES_ERROR;
				GCC_WARN_UNDECLARED_SELECTOR = YES;
				GCC_WARN_UNINITIALIZED_AUTOS = YES_AGGRESSIVE;
				GCC_WARN_UNUSED_FUNCTION = YES;
				GCC_WARN_UNUSED_VARIABLE = YES;
				IPHONEOS_DEPLOYMENT_TARGET = 13.6;
				MTL_ENABLE_DEBUG_INFO = NO;
				MTL_FAST_MATH = YES;
				SDKROOT = iphoneos;
				SWIFT_COMPILATION_MODE = wholemodule;
				SWIFT_OPTIMIZATION_LEVEL = "-O";
				VALIDATE_PRODUCT = YES;
			};
			name = Release;
		};
		2A3B55F524CE72EC0052CB4B /* Debug */ = {
			isa = XCBuildConfiguration;
			buildSettings = {
				ASSETCATALOG_COMPILER_APPICON_NAME = AppIcon;
				CODE_SIGN_STYLE = Automatic;
				INFOPLIST_FILE = "Parsing XML/Info.plist";
				LD_RUNPATH_SEARCH_PATHS = (
					"$(inherited)",
					"@executable_path/Frameworks",
				);
				PRODUCT_BUNDLE_IDENTIFIER = "com.dicoding.academy.Parsing-XML";
				PRODUCT_NAME = "$(TARGET_NAME)";
				SWIFT_VERSION = 5.0;
				TARGETED_DEVICE_FAMILY = "1,2";
			};
			name = Debug;
		};
		2A3B55F624CE72EC0052CB4B /* Release */ = {
			isa = XCBuildConfiguration;
			buildSettings = {
				ASSETCATALOG_COMPILER_APPICON_NAME = AppIcon;
				CODE_SIGN_STYLE = Automatic;
				INFOPLIST_FILE = "Parsing XML/Info.plist";
				LD_RUNPATH_SEARCH_PATHS = (
					"$(inherited)",
					"@executable_path/Frameworks",
				);
				PRODUCT_BUNDLE_IDENTIFIER = "com.dicoding.academy.Parsing-XML";
				PRODUCT_NAME = "$(TARGET_NAME)";
				SWIFT_VERSION = 5.0;
				TARGETED_DEVICE_FAMILY = "1,2";
			};
			name = Release;
		};
/* End XCBuildConfiguration section */

/* Begin XCConfigurationList section */
		2A3B55DB24CE72E90052CB4B /* Build configuration list for PBXProject "Parsing XML" */ = {
			isa = XCConfigurationList;
			buildConfigurations = (
				2A3B55F224CE72EC0052CB4B /* Debug */,
				2A3B55F324CE72EC0052CB4B /* Release */,
			);
			defaultConfigurationIsVisible = 0;
			defaultConfigurationName = Release;
		};
		2A3B55F424CE72EC0052CB4B /* Build configuration list for PBXNativeTarget "Parsing XML" */ = {
			isa = XCConfigurationList;
			buildConfigurations = (
				2A3B55F524CE72EC0052CB4B /* Debug */,
				2A3B55F624CE72EC0052CB4B /* Release */,
			);
			defaultConfigurationIsVisible = 0;
			defaultConfigurationName = Release;
		};
/* End XCConfigurationList section */
	};
	rootObject = 2A3B55D824CE72E90052CB4B /* Project object */;
}
